
Microsoft Visual Studio Solution File, Format Version 12.00
# Visual Studio Version 16
VisualStudioVersion = 16.0.30413.136
MinimumVisualStudioVersion = 10.0.40219.1
Project("{FAE04EC0-301F-11D3-BF4B-00C04F79EFBC}") = "HDSE", "HDSE\HDSE.csproj", "{814A01BF-DA6D-4D5E-BAE2-74658114D3F5}"
EndProject
Global
	GlobalSection(SolutionConfigurationPlatforms) = preSolution
		Debug|Any CPU = Debug|Any CPU
		Release|Any CPU = Release|Any CPU
	EndGlobalSection
	GlobalSection(ProjectConfigurationPlatforms) = postSolution
		{814A01BF-DA6D-4D5E-BAE2-74658114D3F5}.Debug|Any CPU.ActiveCfg = Debug|Any CPU
		{814A01BF-DA6D-4D5E-BAE2-74658114D3F5}.Debug|Any CPU.Build.0 = Debug|Any CPU
		{814A01BF-DA6D-4D5E-BAE2-74658114D3F5}.Release|Any CPU.ActiveCfg = Release|Any CPU
		{814A01BF-DA6D-4D5E-BAE2-74658114D3F5}.Release|Any CPU.Build.0 = Release|Any CPU
	EndGlobalSection
	GlobalSection(SolutionProperties) = preSolution
		HideSolutionNode = FALSE
	EndGlobalSection
	GlobalSection(ExtensibilityGlobals) = postSolution
		SolutionGuid = {8F361523-EA80-4239-8518-52E20FD7DE40}
	EndGlobalSection
EndGlobal
